<?xml version="1.0" encoding="utf-8"?>
<Project ToolsVersion="4.0" xmlns="http://schemas.microsoft.com/developer/msbuild/2003">
  <ItemGroup>
    <Filter Include="Source Files">
      <UniqueIdentifier>{4FC737F1-C7A5-4376-A066-2A32D752A2FF}</UniqueIdentifier>
      <Extensions>cpp;c;cc;cxx;def;odl;idl;hpj;bat;asm;asmx</Extensions>
    </Filter>
    <Filter Include="Header Files">
      <UniqueIdentifier>{93995380-89BD-4b04-88EB-625FBE52EBFB}</UniqueIdentifier>
      <Extensions>h;hh;hpp;hxx;hm;inl;inc;xsd</Extensions>
    </Filter>
    <Filter Include="Resource Files">
      <UniqueIdentifier>{67DA6AB6-F800-4c08-8B7A-83BB121AAD01}</UniqueIdentifier>
      <Extensions>rc;ico;cur;bmp;dlg;rc2;rct;bin;rgs;gif;jpg;jpeg;jpe;resx;tiff;tif;png;wav;mfcribbon-ms</Extensions>
    </Filter>
    <Filter Include="Source Files\libipc">
      <UniqueIdentifier>{b65b9292-87d5-4577-a00b-604fa71f54ac}</UniqueIdentifier>
    </Filter>
    <Filter Include="Header Files\libipc">
      <UniqueIdentifier>{9a08b6f8-4dc1-4178-acd7-0a4d27782651}</UniqueIdentifier>
    </Filter>
    <Filter Include="Header Files\common">
      <UniqueIdentifier>{35a2fa5a-006d-4128-9b2f-0ea3afd566f5}</UniqueIdentifier>
    </Filter>
    <Filter Include="Source Files\os">
      <UniqueIdentifier>{9be139e1-1e95-49e6-b6f1-e00a124ff4b6}</UniqueIdentifier>
    </Filter>
    <Filter Include="Source Files\os\windows">
      <UniqueIdentifier>{058c9370-a014-4840-981b-08636bbca11c}</UniqueIdentifier>
    </Filter>
  </ItemGroup>
  <ItemGroup>
    <ClCompile Include="..\..\..\libuhuru\src\libipc\ipc.c">
      <Filter>Source Files\libipc</Filter>
    </ClCompile>
    <ClCompile Include="..\..\..\libuhuru\src\os\windows\string.c">
      <Filter>Source Files\os\windows</Filter>
    </ClCompile>
  </ItemGroup>
  <ItemGroup>
    <ClInclude Include="..\..\..\libuhuru\include\libuhuru\common\action.h">
      <Filter>Header Files\common</Filter>
    </ClInclude>
    <ClInclude Include="..\..\..\libuhuru\include\libuhuru\common\status.h">
      <Filter>Header Files\common</Filter>
    </ClInclude>
    <ClInclude Include="..\..\..\libuhuru\include\libuhuru\ipc.h">
      <Filter>Header Files</Filter>
    </ClInclude>
    <ClInclude Include="..\..\..\libuhuru\include\libuhuru\libipc\ipc.h">
      <Filter>Header Files\libipc</Filter>
    </ClInclude>
  </ItemGroup>
  <ItemGroup>
    <None Include="libuhuru_ipc.def">
      <Filter>Source Files</Filter>
    </None>
  </ItemGroup>
</Project>