
Microsoft Visual Studio Solution File, Format Version 12.00
# Visual Studio 2013
VisualStudioVersion = 12.0.40629.0
MinimumVisualStudioVersion = 10.0.40219.1
Project("{8BC9CEB8-8B4A-11D0-8D11-00A0C91BC942}") = "UhuruAV", "UhuruAV\UhuruAV.vcxproj", "{E1344508-013A-403D-8240-BA552F8AAE00}"
EndProject
Project("{8BC9CEB8-8B4A-11D0-8D11-00A0C91BC942}") = "module_5_2", "module_5_2\module_5_2.vcxproj", "{5CEDB44A-6891-4931-802F-8D63981298DD}"
EndProject
Project("{8BC9CEB8-8B4A-11D0-8D11-00A0C91BC942}") = "clamav", "clamav\clamav.vcxproj", "{F13F6C50-94F8-4020-A27F-CDEA83904815}"
EndProject
Project("{8BC9CEB8-8B4A-11D0-8D11-00A0C91BC942}") = "UhuruScanCommandLine", "UhuruScanCommandLine\UhuruScanCommandLine.vcxproj", "{5C3C8709-2EE3-473A-962A-FB35C6DF623A}"
EndProject
Project("{8BC9CEB8-8B4A-11D0-8D11-00A0C91BC942}") = "libuhuru_ipc", "libuhuru_ipc\libuhuru_ipc.vcxproj", "{8146AD7E-B632-4F3E-9131-4D724A8C1528}"
EndProject
Project("{2150E333-8FDC-42A3-9474-1A3956D46DE8}") = "modules", "modules", "{DEFA9688-C421-4FBD-9073-C984CEE70AF9}"
EndProject
Project("{2150E333-8FDC-42A3-9474-1A3956D46DE8}") = "libuhuru", "libuhuru", "{8B8F8115-D6B0-42C0-819F-F1EE8F76B491}"
EndProject
Project("{8BC9CEB8-8B4A-11D0-8D11-00A0C91BC942}") = "libuhuru_core", "libuhuru_core\libuhuru_core.vcxproj", "{218FCE3B-F36D-4413-8D38-C43F754E711C}"
EndProject
Project("{2150E333-8FDC-42A3-9474-1A3956D46DE8}") = "old", "old", "{E5A5B7A0-49A5-46CF-B5A7-6A8B598AA0EE}"
EndProject
Project("{8BC9CEB8-8B4A-11D0-8D11-00A0C91BC942}") = "uhuru_scan", "uhuru_scan\uhuru_scan.vcxproj", "{8D1E2794-4C8C-49E7-931C-2B63F79264F8}"
EndProject
Global
	GlobalSection(SolutionConfigurationPlatforms) = preSolution
		Debug|Win32 = Debug|Win32
		Release|Win32 = Release|Win32
	EndGlobalSection
	GlobalSection(ProjectConfigurationPlatforms) = postSolution
		{E1344508-013A-403D-8240-BA552F8AAE00}.Debug|Win32.ActiveCfg = Debug|Win32
		{E1344508-013A-403D-8240-BA552F8AAE00}.Debug|Win32.Build.0 = Debug|Win32
		{E1344508-013A-403D-8240-BA552F8AAE00}.Release|Win32.ActiveCfg = Release|Win32
		{E1344508-013A-403D-8240-BA552F8AAE00}.Release|Win32.Build.0 = Release|Win32
		{5CEDB44A-6891-4931-802F-8D63981298DD}.Debug|Win32.ActiveCfg = Debug|Win32
		{5CEDB44A-6891-4931-802F-8D63981298DD}.Debug|Win32.Build.0 = Debug|Win32
		{5CEDB44A-6891-4931-802F-8D63981298DD}.Release|Win32.ActiveCfg = Release|Win32
		{5CEDB44A-6891-4931-802F-8D63981298DD}.Release|Win32.Build.0 = Release|Win32
		{F13F6C50-94F8-4020-A27F-CDEA83904815}.Debug|Win32.ActiveCfg = Debug|Win32
		{F13F6C50-94F8-4020-A27F-CDEA83904815}.Debug|Win32.Build.0 = Debug|Win32
		{F13F6C50-94F8-4020-A27F-CDEA83904815}.Release|Win32.ActiveCfg = Release|Win32
		{F13F6C50-94F8-4020-A27F-CDEA83904815}.Release|Win32.Build.0 = Release|Win32
		{5C3C8709-2EE3-473A-962A-FB35C6DF623A}.Debug|Win32.ActiveCfg = Debug|Win32
		{5C3C8709-2EE3-473A-962A-FB35C6DF623A}.Debug|Win32.Build.0 = Debug|Win32
		{5C3C8709-2EE3-473A-962A-FB35C6DF623A}.Release|Win32.ActiveCfg = Release|Win32
		{5C3C8709-2EE3-473A-962A-FB35C6DF623A}.Release|Win32.Build.0 = Release|Win32
		{8146AD7E-B632-4F3E-9131-4D724A8C1528}.Debug|Win32.ActiveCfg = Debug|Win32
		{8146AD7E-B632-4F3E-9131-4D724A8C1528}.Debug|Win32.Build.0 = Debug|Win32
		{8146AD7E-B632-4F3E-9131-4D724A8C1528}.Release|Win32.ActiveCfg = Release|Win32
		{8146AD7E-B632-4F3E-9131-4D724A8C1528}.Release|Win32.Build.0 = Release|Win32
		{218FCE3B-F36D-4413-8D38-C43F754E711C}.Debug|Win32.ActiveCfg = Debug|Win32
		{218FCE3B-F36D-4413-8D38-C43F754E711C}.Debug|Win32.Build.0 = Debug|Win32
		{218FCE3B-F36D-4413-8D38-C43F754E711C}.Release|Win32.ActiveCfg = Release|Win32
		{218FCE3B-F36D-4413-8D38-C43F754E711C}.Release|Win32.Build.0 = Release|Win32
		{8D1E2794-4C8C-49E7-931C-2B63F79264F8}.Debug|Win32.ActiveCfg = Debug|Win32
		{8D1E2794-4C8C-49E7-931C-2B63F79264F8}.Debug|Win32.Build.0 = Debug|Win32
		{8D1E2794-4C8C-49E7-931C-2B63F79264F8}.Release|Win32.ActiveCfg = Release|Win32
		{8D1E2794-4C8C-49E7-931C-2B63F79264F8}.Release|Win32.Build.0 = Release|Win32
	EndGlobalSection
	GlobalSection(SolutionProperties) = preSolution
		HideSolutionNode = FALSE
	EndGlobalSection
	GlobalSection(NestedProjects) = preSolution
		{E1344508-013A-403D-8240-BA552F8AAE00} = {E5A5B7A0-49A5-46CF-B5A7-6A8B598AA0EE}
		{5CEDB44A-6891-4931-802F-8D63981298DD} = {DEFA9688-C421-4FBD-9073-C984CEE70AF9}
		{F13F6C50-94F8-4020-A27F-CDEA83904815} = {DEFA9688-C421-4FBD-9073-C984CEE70AF9}
		{5C3C8709-2EE3-473A-962A-FB35C6DF623A} = {E5A5B7A0-49A5-46CF-B5A7-6A8B598AA0EE}
		{8146AD7E-B632-4F3E-9131-4D724A8C1528} = {8B8F8115-D6B0-42C0-819F-F1EE8F76B491}
		{218FCE3B-F36D-4413-8D38-C43F754E711C} = {8B8F8115-D6B0-42C0-819F-F1EE8F76B491}
		{8D1E2794-4C8C-49E7-931C-2B63F79264F8} = {8B8F8115-D6B0-42C0-819F-F1EE8F76B491}
	EndGlobalSection
EndGlobal
