
Microsoft Visual Studio Solution File, Format Version 12.00
# Visual Studio 2013
VisualStudioVersion = 12.0.31101.0
MinimumVisualStudioVersion = 10.0.40219.1
Project("{2150E333-8FDC-42A3-9474-1A3956D46DE8}") = "modules", "modules", "{DEFA9688-C421-4FBD-9073-C984CEE70AF9}"
EndProject
Project("{2150E333-8FDC-42A3-9474-1A3956D46DE8}") = "libuhuru", "libuhuru", "{8B8F8115-D6B0-42C0-819F-F1EE8F76B491}"
EndProject
Project("{8BC9CEB8-8B4A-11D0-8D11-00A0C91BC942}") = "libuhuru_core", "libuhuru_core\libuhuru_core.vcxproj", "{218FCE3B-F36D-4413-8D38-C43F754E711C}"
EndProject
Project("{2150E333-8FDC-42A3-9474-1A3956D46DE8}") = "old", "old", "{E5A5B7A0-49A5-46CF-B5A7-6A8B598AA0EE}"
EndProject
Project("{8BC9CEB8-8B4A-11D0-8D11-00A0C91BC942}") = "windows_service", "scand\scand.vcxproj", "{9C04AEB7-E235-4FC9-A5A0-C210F0C3EE71}"
EndProject
Project("{8BC9CEB8-8B4A-11D0-8D11-00A0C91BC942}") = "UhuruGuard", "UhuruGuard\UhuruGuard.vcxproj", "{7B898B7D-F7B6-4316-82C7-2A82FCF69AB3}"
EndProject
Project("{8BC9CEB8-8B4A-11D0-8D11-00A0C91BC942}") = "UhuruGuard Package", "UhuruGuard Package\UhuruGuard Package.vcxproj", "{805556BE-53AA-486A-AE57-A67165633ECD}"
	ProjectSection(ProjectDependencies) = postProject
		{7B898B7D-F7B6-4316-82C7-2A82FCF69AB3} = {7B898B7D-F7B6-4316-82C7-2A82FCF69AB3}
	EndProjectSection
EndProject
Project("{8BC9CEB8-8B4A-11D0-8D11-00A0C91BC942}") = "module_5_2", "module_5_2\module_5_2.vcxproj", "{5CEDB44A-6891-4931-802F-8D63981298DD}"
EndProject
Project("{8BC9CEB8-8B4A-11D0-8D11-00A0C91BC942}") = "clamav", "clamav\clamav.vcxproj", "{F13F6C50-94F8-4020-A27F-CDEA83904815}"
EndProject
Project("{8BC9CEB8-8B4A-11D0-8D11-00A0C91BC942}") = "UhuruScanCommandLine", "UhuruScanCommandLine\UhuruScanCommandLine.vcxproj", "{5C3C8709-2EE3-473A-962A-FB35C6DF623A}"
EndProject
Project("{2150E333-8FDC-42A3-9474-1A3956D46DE8}") = "driver", "driver", "{1561AF46-02F9-4DD8-9020-5406C701EFD8}"
EndProject
Project("{2150E333-8FDC-42A3-9474-1A3956D46DE8}") = "service", "service", "{9D1A5954-31F0-4D9D-A9EB-75DC5E8B2AA1}"
EndProject
Project("{8BC9CEB8-8B4A-11D0-8D11-00A0C91BC942}") = "UhuruSvc", "UhuruSvc\UhuruSvc.vcxproj", "{BDB70B28-0B54-405C-87AE-ABDFC9CE7795}"
EndProject
Project("{8BC9CEB8-8B4A-11D0-8D11-00A0C91BC942}") = "ScanClient", "ScanClient\ScanClient.vcxproj", "{7452772C-0C0A-403F-9D78-927B46F67992}"
EndProject
Project("{2150E333-8FDC-42A3-9474-1A3956D46DE8}") = "setup", "setup", "{EF7938CC-6DBD-4BB3-AF96-7A9B0E78737E}"
EndProject
Project("{54435603-DBB4-11D2-8724-00A0C9A8B90C}") = "UhuruSetup", "UhuruSetup\UhuruSetup.vdproj", "{CA09A091-2064-4312-BF1E-984FAB4B347A}"
EndProject
Project("{54435603-DBB4-11D2-8724-00A0C9A8B90C}") = "UhuruAV_setup", "UhuruAV_setup\UhuruAV_setup.vdproj", "{F40338B0-5BA6-4BE1-A8E1-0D655947D7E4}"
EndProject
Global
	GlobalSection(SolutionConfigurationPlatforms) = preSolution
		Debug|Mixed Platforms = Debug|Mixed Platforms
		Debug|Win32 = Debug|Win32
		Debug|x64 = Debug|x64
		Release|Mixed Platforms = Release|Mixed Platforms
		Release|Win32 = Release|Win32
		Release|x64 = Release|x64
		Win7 Debug|Mixed Platforms = Win7 Debug|Mixed Platforms
		Win7 Debug|Win32 = Win7 Debug|Win32
		Win7 Debug|x64 = Win7 Debug|x64
		Win7 Release|Mixed Platforms = Win7 Release|Mixed Platforms
		Win7 Release|Win32 = Win7 Release|Win32
		Win7 Release|x64 = Win7 Release|x64
		Win8 Debug|Mixed Platforms = Win8 Debug|Mixed Platforms
		Win8 Debug|Win32 = Win8 Debug|Win32
		Win8 Debug|x64 = Win8 Debug|x64
		Win8 Release|Mixed Platforms = Win8 Release|Mixed Platforms
		Win8 Release|Win32 = Win8 Release|Win32
		Win8 Release|x64 = Win8 Release|x64
		Win8.1 Debug|Mixed Platforms = Win8.1 Debug|Mixed Platforms
		Win8.1 Debug|Win32 = Win8.1 Debug|Win32
		Win8.1 Debug|x64 = Win8.1 Debug|x64
		Win8.1 Release|Mixed Platforms = Win8.1 Release|Mixed Platforms
		Win8.1 Release|Win32 = Win8.1 Release|Win32
		Win8.1 Release|x64 = Win8.1 Release|x64
	EndGlobalSection
	GlobalSection(ProjectConfigurationPlatforms) = postSolution
		{218FCE3B-F36D-4413-8D38-C43F754E711C}.Debug|Mixed Platforms.ActiveCfg = Debug|Win32
		{218FCE3B-F36D-4413-8D38-C43F754E711C}.Debug|Mixed Platforms.Build.0 = Debug|Win32
		{218FCE3B-F36D-4413-8D38-C43F754E711C}.Debug|Win32.ActiveCfg = Debug|Win32
		{218FCE3B-F36D-4413-8D38-C43F754E711C}.Debug|Win32.Build.0 = Debug|Win32
		{218FCE3B-F36D-4413-8D38-C43F754E711C}.Debug|x64.ActiveCfg = Debug|Win32
		{218FCE3B-F36D-4413-8D38-C43F754E711C}.Release|Mixed Platforms.ActiveCfg = Release|Win32
		{218FCE3B-F36D-4413-8D38-C43F754E711C}.Release|Mixed Platforms.Build.0 = Release|Win32
		{218FCE3B-F36D-4413-8D38-C43F754E711C}.Release|Win32.ActiveCfg = Release|Win32
		{218FCE3B-F36D-4413-8D38-C43F754E711C}.Release|Win32.Build.0 = Release|Win32
		{218FCE3B-F36D-4413-8D38-C43F754E711C}.Release|x64.ActiveCfg = Release|Win32
		{218FCE3B-F36D-4413-8D38-C43F754E711C}.Win7 Debug|Mixed Platforms.ActiveCfg = Debug|Win32
		{218FCE3B-F36D-4413-8D38-C43F754E711C}.Win7 Debug|Mixed Platforms.Build.0 = Debug|Win32
		{218FCE3B-F36D-4413-8D38-C43F754E711C}.Win7 Debug|Win32.ActiveCfg = Debug|Win32
		{218FCE3B-F36D-4413-8D38-C43F754E711C}.Win7 Debug|Win32.Build.0 = Debug|Win32
		{218FCE3B-F36D-4413-8D38-C43F754E711C}.Win7 Debug|x64.ActiveCfg = Debug|Win32
		{218FCE3B-F36D-4413-8D38-C43F754E711C}.Win7 Release|Mixed Platforms.ActiveCfg = Release|Win32
		{218FCE3B-F36D-4413-8D38-C43F754E711C}.Win7 Release|Mixed Platforms.Build.0 = Release|Win32
		{218FCE3B-F36D-4413-8D38-C43F754E711C}.Win7 Release|Win32.ActiveCfg = Release|Win32
		{218FCE3B-F36D-4413-8D38-C43F754E711C}.Win7 Release|Win32.Build.0 = Release|Win32
		{218FCE3B-F36D-4413-8D38-C43F754E711C}.Win7 Release|x64.ActiveCfg = Release|Win32
		{218FCE3B-F36D-4413-8D38-C43F754E711C}.Win8 Debug|Mixed Platforms.ActiveCfg = Debug|Win32
		{218FCE3B-F36D-4413-8D38-C43F754E711C}.Win8 Debug|Mixed Platforms.Build.0 = Debug|Win32
		{218FCE3B-F36D-4413-8D38-C43F754E711C}.Win8 Debug|Win32.ActiveCfg = Debug|Win32
		{218FCE3B-F36D-4413-8D38-C43F754E711C}.Win8 Debug|Win32.Build.0 = Debug|Win32
		{218FCE3B-F36D-4413-8D38-C43F754E711C}.Win8 Debug|x64.ActiveCfg = Debug|Win32
		{218FCE3B-F36D-4413-8D38-C43F754E711C}.Win8 Release|Mixed Platforms.ActiveCfg = Release|Win32
		{218FCE3B-F36D-4413-8D38-C43F754E711C}.Win8 Release|Mixed Platforms.Build.0 = Release|Win32
		{218FCE3B-F36D-4413-8D38-C43F754E711C}.Win8 Release|Win32.ActiveCfg = Release|Win32
		{218FCE3B-F36D-4413-8D38-C43F754E711C}.Win8 Release|Win32.Build.0 = Release|Win32
		{218FCE3B-F36D-4413-8D38-C43F754E711C}.Win8 Release|x64.ActiveCfg = Release|Win32
		{218FCE3B-F36D-4413-8D38-C43F754E711C}.Win8.1 Debug|Mixed Platforms.ActiveCfg = Debug|Win32
		{218FCE3B-F36D-4413-8D38-C43F754E711C}.Win8.1 Debug|Mixed Platforms.Build.0 = Debug|Win32
		{218FCE3B-F36D-4413-8D38-C43F754E711C}.Win8.1 Debug|Win32.ActiveCfg = Debug|Win32
		{218FCE3B-F36D-4413-8D38-C43F754E711C}.Win8.1 Debug|Win32.Build.0 = Debug|Win32
		{218FCE3B-F36D-4413-8D38-C43F754E711C}.Win8.1 Debug|x64.ActiveCfg = Debug|Win32
		{218FCE3B-F36D-4413-8D38-C43F754E711C}.Win8.1 Release|Mixed Platforms.ActiveCfg = Release|Win32
		{218FCE3B-F36D-4413-8D38-C43F754E711C}.Win8.1 Release|Mixed Platforms.Build.0 = Release|Win32
		{218FCE3B-F36D-4413-8D38-C43F754E711C}.Win8.1 Release|Win32.ActiveCfg = Release|Win32
		{218FCE3B-F36D-4413-8D38-C43F754E711C}.Win8.1 Release|Win32.Build.0 = Release|Win32
		{218FCE3B-F36D-4413-8D38-C43F754E711C}.Win8.1 Release|x64.ActiveCfg = Release|Win32
		{9C04AEB7-E235-4FC9-A5A0-C210F0C3EE71}.Debug|Mixed Platforms.ActiveCfg = Debug|Win32
		{9C04AEB7-E235-4FC9-A5A0-C210F0C3EE71}.Debug|Mixed Platforms.Build.0 = Debug|Win32
		{9C04AEB7-E235-4FC9-A5A0-C210F0C3EE71}.Debug|Win32.ActiveCfg = Debug|Win32
		{9C04AEB7-E235-4FC9-A5A0-C210F0C3EE71}.Debug|Win32.Build.0 = Debug|Win32
		{9C04AEB7-E235-4FC9-A5A0-C210F0C3EE71}.Debug|x64.ActiveCfg = Debug|Win32
		{9C04AEB7-E235-4FC9-A5A0-C210F0C3EE71}.Release|Mixed Platforms.ActiveCfg = Release|Win32
		{9C04AEB7-E235-4FC9-A5A0-C210F0C3EE71}.Release|Mixed Platforms.Build.0 = Release|Win32
		{9C04AEB7-E235-4FC9-A5A0-C210F0C3EE71}.Release|Win32.ActiveCfg = Release|Win32
		{9C04AEB7-E235-4FC9-A5A0-C210F0C3EE71}.Release|Win32.Build.0 = Release|Win32
		{9C04AEB7-E235-4FC9-A5A0-C210F0C3EE71}.Release|x64.ActiveCfg = Release|Win32
		{9C04AEB7-E235-4FC9-A5A0-C210F0C3EE71}.Win7 Debug|Mixed Platforms.ActiveCfg = Debug|Win32
		{9C04AEB7-E235-4FC9-A5A0-C210F0C3EE71}.Win7 Debug|Mixed Platforms.Build.0 = Debug|Win32
		{9C04AEB7-E235-4FC9-A5A0-C210F0C3EE71}.Win7 Debug|Win32.ActiveCfg = Debug|Win32
		{9C04AEB7-E235-4FC9-A5A0-C210F0C3EE71}.Win7 Debug|Win32.Build.0 = Debug|Win32
		{9C04AEB7-E235-4FC9-A5A0-C210F0C3EE71}.Win7 Debug|x64.ActiveCfg = Debug|Win32
		{9C04AEB7-E235-4FC9-A5A0-C210F0C3EE71}.Win7 Release|Mixed Platforms.ActiveCfg = Release|Win32
		{9C04AEB7-E235-4FC9-A5A0-C210F0C3EE71}.Win7 Release|Mixed Platforms.Build.0 = Release|Win32
		{9C04AEB7-E235-4FC9-A5A0-C210F0C3EE71}.Win7 Release|Win32.ActiveCfg = Release|Win32
		{9C04AEB7-E235-4FC9-A5A0-C210F0C3EE71}.Win7 Release|Win32.Build.0 = Release|Win32
		{9C04AEB7-E235-4FC9-A5A0-C210F0C3EE71}.Win7 Release|x64.ActiveCfg = Release|Win32
		{9C04AEB7-E235-4FC9-A5A0-C210F0C3EE71}.Win8 Debug|Mixed Platforms.ActiveCfg = Debug|Win32
		{9C04AEB7-E235-4FC9-A5A0-C210F0C3EE71}.Win8 Debug|Mixed Platforms.Build.0 = Debug|Win32
		{9C04AEB7-E235-4FC9-A5A0-C210F0C3EE71}.Win8 Debug|Win32.ActiveCfg = Debug|Win32
		{9C04AEB7-E235-4FC9-A5A0-C210F0C3EE71}.Win8 Debug|Win32.Build.0 = Debug|Win32
		{9C04AEB7-E235-4FC9-A5A0-C210F0C3EE71}.Win8 Debug|x64.ActiveCfg = Debug|Win32
		{9C04AEB7-E235-4FC9-A5A0-C210F0C3EE71}.Win8 Release|Mixed Platforms.ActiveCfg = Release|Win32
		{9C04AEB7-E235-4FC9-A5A0-C210F0C3EE71}.Win8 Release|Mixed Platforms.Build.0 = Release|Win32
		{9C04AEB7-E235-4FC9-A5A0-C210F0C3EE71}.Win8 Release|Win32.ActiveCfg = Release|Win32
		{9C04AEB7-E235-4FC9-A5A0-C210F0C3EE71}.Win8 Release|Win32.Build.0 = Release|Win32
		{9C04AEB7-E235-4FC9-A5A0-C210F0C3EE71}.Win8 Release|x64.ActiveCfg = Release|Win32
		{9C04AEB7-E235-4FC9-A5A0-C210F0C3EE71}.Win8.1 Debug|Mixed Platforms.ActiveCfg = Debug|Win32
		{9C04AEB7-E235-4FC9-A5A0-C210F0C3EE71}.Win8.1 Debug|Mixed Platforms.Build.0 = Debug|Win32
		{9C04AEB7-E235-4FC9-A5A0-C210F0C3EE71}.Win8.1 Debug|Win32.ActiveCfg = Debug|Win32
		{9C04AEB7-E235-4FC9-A5A0-C210F0C3EE71}.Win8.1 Debug|Win32.Build.0 = Debug|Win32
		{9C04AEB7-E235-4FC9-A5A0-C210F0C3EE71}.Win8.1 Debug|x64.ActiveCfg = Debug|Win32
		{9C04AEB7-E235-4FC9-A5A0-C210F0C3EE71}.Win8.1 Release|Mixed Platforms.ActiveCfg = Release|Win32
		{9C04AEB7-E235-4FC9-A5A0-C210F0C3EE71}.Win8.1 Release|Mixed Platforms.Build.0 = Release|Win32
		{9C04AEB7-E235-4FC9-A5A0-C210F0C3EE71}.Win8.1 Release|Win32.ActiveCfg = Release|Win32
		{9C04AEB7-E235-4FC9-A5A0-C210F0C3EE71}.Win8.1 Release|Win32.Build.0 = Release|Win32
		{9C04AEB7-E235-4FC9-A5A0-C210F0C3EE71}.Win8.1 Release|x64.ActiveCfg = Release|Win32
		{7B898B7D-F7B6-4316-82C7-2A82FCF69AB3}.Debug|Mixed Platforms.ActiveCfg = Win8.1 Debug|Win32
		{7B898B7D-F7B6-4316-82C7-2A82FCF69AB3}.Debug|Mixed Platforms.Build.0 = Win8.1 Debug|Win32
		{7B898B7D-F7B6-4316-82C7-2A82FCF69AB3}.Debug|Win32.ActiveCfg = Win7 Debug|x64
		{7B898B7D-F7B6-4316-82C7-2A82FCF69AB3}.Debug|Win32.Build.0 = Win7 Debug|x64
		{7B898B7D-F7B6-4316-82C7-2A82FCF69AB3}.Debug|x64.ActiveCfg = Win7 Debug|x64
		{7B898B7D-F7B6-4316-82C7-2A82FCF69AB3}.Debug|x64.Build.0 = Win7 Debug|x64
		{7B898B7D-F7B6-4316-82C7-2A82FCF69AB3}.Debug|x64.Deploy.0 = Win7 Debug|x64
		{7B898B7D-F7B6-4316-82C7-2A82FCF69AB3}.Release|Mixed Platforms.ActiveCfg = Win8 Release|Win32
		{7B898B7D-F7B6-4316-82C7-2A82FCF69AB3}.Release|Mixed Platforms.Build.0 = Win8 Release|Win32
		{7B898B7D-F7B6-4316-82C7-2A82FCF69AB3}.Release|Win32.ActiveCfg = Win8.1 Release|Win32
		{7B898B7D-F7B6-4316-82C7-2A82FCF69AB3}.Release|Win32.Build.0 = Win8.1 Release|Win32
		{7B898B7D-F7B6-4316-82C7-2A82FCF69AB3}.Release|x64.ActiveCfg = Win8.1 Release|x64
		{7B898B7D-F7B6-4316-82C7-2A82FCF69AB3}.Release|x64.Build.0 = Win8.1 Release|x64
		{7B898B7D-F7B6-4316-82C7-2A82FCF69AB3}.Release|x64.Deploy.0 = Win8.1 Release|x64
		{7B898B7D-F7B6-4316-82C7-2A82FCF69AB3}.Win7 Debug|Mixed Platforms.ActiveCfg = Win7 Debug|Win32
		{7B898B7D-F7B6-4316-82C7-2A82FCF69AB3}.Win7 Debug|Mixed Platforms.Build.0 = Win7 Debug|Win32
		{7B898B7D-F7B6-4316-82C7-2A82FCF69AB3}.Win7 Debug|Win32.ActiveCfg = Win7 Debug|Win32
		{7B898B7D-F7B6-4316-82C7-2A82FCF69AB3}.Win7 Debug|Win32.Build.0 = Win7 Debug|Win32
		{7B898B7D-F7B6-4316-82C7-2A82FCF69AB3}.Win7 Debug|x64.ActiveCfg = Win7 Debug|x64
		{7B898B7D-F7B6-4316-82C7-2A82FCF69AB3}.Win7 Debug|x64.Build.0 = Win7 Debug|x64
		{7B898B7D-F7B6-4316-82C7-2A82FCF69AB3}.Win7 Debug|x64.Deploy.0 = Win7 Debug|x64
		{7B898B7D-F7B6-4316-82C7-2A82FCF69AB3}.Win7 Release|Mixed Platforms.ActiveCfg = Win7 Release|Win32
		{7B898B7D-F7B6-4316-82C7-2A82FCF69AB3}.Win7 Release|Mixed Platforms.Build.0 = Win7 Release|Win32
		{7B898B7D-F7B6-4316-82C7-2A82FCF69AB3}.Win7 Release|Win32.ActiveCfg = Win7 Release|Win32
		{7B898B7D-F7B6-4316-82C7-2A82FCF69AB3}.Win7 Release|Win32.Build.0 = Win7 Release|Win32
		{7B898B7D-F7B6-4316-82C7-2A82FCF69AB3}.Win7 Release|x64.ActiveCfg = Win7 Release|x64
		{7B898B7D-F7B6-4316-82C7-2A82FCF69AB3}.Win7 Release|x64.Build.0 = Win7 Release|x64
		{7B898B7D-F7B6-4316-82C7-2A82FCF69AB3}.Win7 Release|x64.Deploy.0 = Win7 Release|x64
		{7B898B7D-F7B6-4316-82C7-2A82FCF69AB3}.Win8 Debug|Mixed Platforms.ActiveCfg = Win8 Debug|Win32
		{7B898B7D-F7B6-4316-82C7-2A82FCF69AB3}.Win8 Debug|Mixed Platforms.Build.0 = Win8 Debug|Win32
		{7B898B7D-F7B6-4316-82C7-2A82FCF69AB3}.Win8 Debug|Win32.ActiveCfg = Win8 Debug|Win32
		{7B898B7D-F7B6-4316-82C7-2A82FCF69AB3}.Win8 Debug|Win32.Build.0 = Win8 Debug|Win32
		{7B898B7D-F7B6-4316-82C7-2A82FCF69AB3}.Win8 Debug|x64.ActiveCfg = Win8 Debug|x64
		{7B898B7D-F7B6-4316-82C7-2A82FCF69AB3}.Win8 Debug|x64.Build.0 = Win8 Debug|x64
		{7B898B7D-F7B6-4316-82C7-2A82FCF69AB3}.Win8 Debug|x64.Deploy.0 = Win8 Debug|x64
		{7B898B7D-F7B6-4316-82C7-2A82FCF69AB3}.Win8 Release|Mixed Platforms.ActiveCfg = Win8 Release|Win32
		{7B898B7D-F7B6-4316-82C7-2A82FCF69AB3}.Win8 Release|Mixed Platforms.Build.0 = Win8 Release|Win32
		{7B898B7D-F7B6-4316-82C7-2A82FCF69AB3}.Win8 Release|Win32.ActiveCfg = Win8 Release|Win32
		{7B898B7D-F7B6-4316-82C7-2A82FCF69AB3}.Win8 Release|Win32.Build.0 = Win8 Release|Win32
		{7B898B7D-F7B6-4316-82C7-2A82FCF69AB3}.Win8 Release|x64.ActiveCfg = Win8 Release|x64
		{7B898B7D-F7B6-4316-82C7-2A82FCF69AB3}.Win8 Release|x64.Build.0 = Win8 Release|x64
		{7B898B7D-F7B6-4316-82C7-2A82FCF69AB3}.Win8 Release|x64.Deploy.0 = Win8 Release|x64
		{7B898B7D-F7B6-4316-82C7-2A82FCF69AB3}.Win8.1 Debug|Mixed Platforms.ActiveCfg = Win8.1 Debug|Win32
		{7B898B7D-F7B6-4316-82C7-2A82FCF69AB3}.Win8.1 Debug|Mixed Platforms.Build.0 = Win8.1 Debug|Win32
		{7B898B7D-F7B6-4316-82C7-2A82FCF69AB3}.Win8.1 Debug|Win32.ActiveCfg = Win8.1 Debug|Win32
		{7B898B7D-F7B6-4316-82C7-2A82FCF69AB3}.Win8.1 Debug|Win32.Build.0 = Win8.1 Debug|Win32
		{7B898B7D-F7B6-4316-82C7-2A82FCF69AB3}.Win8.1 Debug|x64.ActiveCfg = Win8.1 Debug|x64
		{7B898B7D-F7B6-4316-82C7-2A82FCF69AB3}.Win8.1 Debug|x64.Build.0 = Win8.1 Debug|x64
		{7B898B7D-F7B6-4316-82C7-2A82FCF69AB3}.Win8.1 Debug|x64.Deploy.0 = Win8.1 Debug|x64
		{7B898B7D-F7B6-4316-82C7-2A82FCF69AB3}.Win8.1 Release|Mixed Platforms.ActiveCfg = Win8.1 Release|Win32
		{7B898B7D-F7B6-4316-82C7-2A82FCF69AB3}.Win8.1 Release|Mixed Platforms.Build.0 = Win8.1 Release|Win32
		{7B898B7D-F7B6-4316-82C7-2A82FCF69AB3}.Win8.1 Release|Win32.ActiveCfg = Win8.1 Release|Win32
		{7B898B7D-F7B6-4316-82C7-2A82FCF69AB3}.Win8.1 Release|Win32.Build.0 = Win8.1 Release|Win32
		{7B898B7D-F7B6-4316-82C7-2A82FCF69AB3}.Win8.1 Release|x64.ActiveCfg = Win8.1 Release|x64
		{7B898B7D-F7B6-4316-82C7-2A82FCF69AB3}.Win8.1 Release|x64.Build.0 = Win8.1 Release|x64
		{7B898B7D-F7B6-4316-82C7-2A82FCF69AB3}.Win8.1 Release|x64.Deploy.0 = Win8.1 Release|x64
		{805556BE-53AA-486A-AE57-A67165633ECD}.Debug|Mixed Platforms.ActiveCfg = Win8.1 Debug|Win32
		{805556BE-53AA-486A-AE57-A67165633ECD}.Debug|Mixed Platforms.Build.0 = Win8.1 Debug|Win32
		{805556BE-53AA-486A-AE57-A67165633ECD}.Debug|Win32.ActiveCfg = Win7 Debug|x64
		{805556BE-53AA-486A-AE57-A67165633ECD}.Debug|Win32.Build.0 = Win7 Debug|x64
		{805556BE-53AA-486A-AE57-A67165633ECD}.Debug|Win32.Deploy.0 = Win7 Debug|x64
		{805556BE-53AA-486A-AE57-A67165633ECD}.Debug|x64.ActiveCfg = Win7 Debug|x64
		{805556BE-53AA-486A-AE57-A67165633ECD}.Debug|x64.Build.0 = Win7 Debug|x64
		{805556BE-53AA-486A-AE57-A67165633ECD}.Debug|x64.Deploy.0 = Win7 Debug|x64
		{805556BE-53AA-486A-AE57-A67165633ECD}.Release|Mixed Platforms.ActiveCfg = Win8 Release|Win32
		{805556BE-53AA-486A-AE57-A67165633ECD}.Release|Mixed Platforms.Build.0 = Win8 Release|Win32
		{805556BE-53AA-486A-AE57-A67165633ECD}.Release|Win32.ActiveCfg = Win8.1 Release|Win32
		{805556BE-53AA-486A-AE57-A67165633ECD}.Release|Win32.Build.0 = Win8.1 Release|Win32
		{805556BE-53AA-486A-AE57-A67165633ECD}.Release|x64.ActiveCfg = Win8.1 Release|x64
		{805556BE-53AA-486A-AE57-A67165633ECD}.Release|x64.Build.0 = Win8.1 Release|x64
		{805556BE-53AA-486A-AE57-A67165633ECD}.Release|x64.Deploy.0 = Win8.1 Release|x64
		{805556BE-53AA-486A-AE57-A67165633ECD}.Win7 Debug|Mixed Platforms.ActiveCfg = Win7 Debug|Win32
		{805556BE-53AA-486A-AE57-A67165633ECD}.Win7 Debug|Mixed Platforms.Build.0 = Win7 Debug|Win32
		{805556BE-53AA-486A-AE57-A67165633ECD}.Win7 Debug|Win32.ActiveCfg = Win7 Debug|Win32
		{805556BE-53AA-486A-AE57-A67165633ECD}.Win7 Debug|Win32.Build.0 = Win7 Debug|Win32
		{805556BE-53AA-486A-AE57-A67165633ECD}.Win7 Debug|x64.ActiveCfg = Win7 Debug|x64
		{805556BE-53AA-486A-AE57-A67165633ECD}.Win7 Debug|x64.Build.0 = Win7 Debug|x64
		{805556BE-53AA-486A-AE57-A67165633ECD}.Win7 Debug|x64.Deploy.0 = Win7 Debug|x64
		{805556BE-53AA-486A-AE57-A67165633ECD}.Win7 Release|Mixed Platforms.ActiveCfg = Win7 Release|Win32
		{805556BE-53AA-486A-AE57-A67165633ECD}.Win7 Release|Mixed Platforms.Build.0 = Win7 Release|Win32
		{805556BE-53AA-486A-AE57-A67165633ECD}.Win7 Release|Win32.ActiveCfg = Win7 Release|Win32
		{805556BE-53AA-486A-AE57-A67165633ECD}.Win7 Release|Win32.Build.0 = Win7 Release|Win32
		{805556BE-53AA-486A-AE57-A67165633ECD}.Win7 Release|x64.ActiveCfg = Win7 Release|x64
		{805556BE-53AA-486A-AE57-A67165633ECD}.Win7 Release|x64.Build.0 = Win7 Release|x64
		{805556BE-53AA-486A-AE57-A67165633ECD}.Win7 Release|x64.Deploy.0 = Win7 Release|x64
		{805556BE-53AA-486A-AE57-A67165633ECD}.Win8 Debug|Mixed Platforms.ActiveCfg = Win8 Debug|Win32
		{805556BE-53AA-486A-AE57-A67165633ECD}.Win8 Debug|Mixed Platforms.Build.0 = Win8 Debug|Win32
		{805556BE-53AA-486A-AE57-A67165633ECD}.Win8 Debug|Win32.ActiveCfg = Win8 Debug|Win32
		{805556BE-53AA-486A-AE57-A67165633ECD}.Win8 Debug|Win32.Build.0 = Win8 Debug|Win32
		{805556BE-53AA-486A-AE57-A67165633ECD}.Win8 Debug|x64.ActiveCfg = Win8 Debug|x64
		{805556BE-53AA-486A-AE57-A67165633ECD}.Win8 Debug|x64.Build.0 = Win8 Debug|x64
		{805556BE-53AA-486A-AE57-A67165633ECD}.Win8 Debug|x64.Deploy.0 = Win8 Debug|x64
		{805556BE-53AA-486A-AE57-A67165633ECD}.Win8 Release|Mixed Platforms.ActiveCfg = Win8 Release|Win32
		{805556BE-53AA-486A-AE57-A67165633ECD}.Win8 Release|Mixed Platforms.Build.0 = Win8 Release|Win32
		{805556BE-53AA-486A-AE57-A67165633ECD}.Win8 Release|Win32.ActiveCfg = Win8 Release|Win32
		{805556BE-53AA-486A-AE57-A67165633ECD}.Win8 Release|Win32.Build.0 = Win8 Release|Win32
		{805556BE-53AA-486A-AE57-A67165633ECD}.Win8 Release|x64.ActiveCfg = Win8 Release|x64
		{805556BE-53AA-486A-AE57-A67165633ECD}.Win8 Release|x64.Build.0 = Win8 Release|x64
		{805556BE-53AA-486A-AE57-A67165633ECD}.Win8 Release|x64.Deploy.0 = Win8 Release|x64
		{805556BE-53AA-486A-AE57-A67165633ECD}.Win8.1 Debug|Mixed Platforms.ActiveCfg = Win8.1 Debug|Win32
		{805556BE-53AA-486A-AE57-A67165633ECD}.Win8.1 Debug|Mixed Platforms.Build.0 = Win8.1 Debug|Win32
		{805556BE-53AA-486A-AE57-A67165633ECD}.Win8.1 Debug|Win32.ActiveCfg = Win8.1 Debug|Win32
		{805556BE-53AA-486A-AE57-A67165633ECD}.Win8.1 Debug|Win32.Build.0 = Win8.1 Debug|Win32
		{805556BE-53AA-486A-AE57-A67165633ECD}.Win8.1 Debug|x64.ActiveCfg = Win8.1 Debug|x64
		{805556BE-53AA-486A-AE57-A67165633ECD}.Win8.1 Debug|x64.Build.0 = Win8.1 Debug|x64
		{805556BE-53AA-486A-AE57-A67165633ECD}.Win8.1 Debug|x64.Deploy.0 = Win8.1 Debug|x64
		{805556BE-53AA-486A-AE57-A67165633ECD}.Win8.1 Release|Mixed Platforms.ActiveCfg = Win8.1 Release|Win32
		{805556BE-53AA-486A-AE57-A67165633ECD}.Win8.1 Release|Mixed Platforms.Build.0 = Win8.1 Release|Win32
		{805556BE-53AA-486A-AE57-A67165633ECD}.Win8.1 Release|Win32.ActiveCfg = Win8.1 Release|Win32
		{805556BE-53AA-486A-AE57-A67165633ECD}.Win8.1 Release|Win32.Build.0 = Win8.1 Release|Win32
		{805556BE-53AA-486A-AE57-A67165633ECD}.Win8.1 Release|x64.ActiveCfg = Win8.1 Release|x64
		{805556BE-53AA-486A-AE57-A67165633ECD}.Win8.1 Release|x64.Build.0 = Win8.1 Release|x64
		{805556BE-53AA-486A-AE57-A67165633ECD}.Win8.1 Release|x64.Deploy.0 = Win8.1 Release|x64
		{5CEDB44A-6891-4931-802F-8D63981298DD}.Debug|Mixed Platforms.ActiveCfg = Debug|Win32
		{5CEDB44A-6891-4931-802F-8D63981298DD}.Debug|Mixed Platforms.Build.0 = Debug|Win32
		{5CEDB44A-6891-4931-802F-8D63981298DD}.Debug|Win32.ActiveCfg = Debug|Win32
		{5CEDB44A-6891-4931-802F-8D63981298DD}.Debug|Win32.Build.0 = Debug|Win32
		{5CEDB44A-6891-4931-802F-8D63981298DD}.Debug|x64.ActiveCfg = Debug|Win32
		{5CEDB44A-6891-4931-802F-8D63981298DD}.Release|Mixed Platforms.ActiveCfg = Release|Win32
		{5CEDB44A-6891-4931-802F-8D63981298DD}.Release|Mixed Platforms.Build.0 = Release|Win32
		{5CEDB44A-6891-4931-802F-8D63981298DD}.Release|Win32.ActiveCfg = Release|Win32
		{5CEDB44A-6891-4931-802F-8D63981298DD}.Release|Win32.Build.0 = Release|Win32
		{5CEDB44A-6891-4931-802F-8D63981298DD}.Release|x64.ActiveCfg = Release|Win32
		{5CEDB44A-6891-4931-802F-8D63981298DD}.Win7 Debug|Mixed Platforms.ActiveCfg = Debug|Win32
		{5CEDB44A-6891-4931-802F-8D63981298DD}.Win7 Debug|Mixed Platforms.Build.0 = Debug|Win32
		{5CEDB44A-6891-4931-802F-8D63981298DD}.Win7 Debug|Win32.ActiveCfg = Debug|Win32
		{5CEDB44A-6891-4931-802F-8D63981298DD}.Win7 Debug|Win32.Build.0 = Debug|Win32
		{5CEDB44A-6891-4931-802F-8D63981298DD}.Win7 Debug|x64.ActiveCfg = Debug|Win32
		{5CEDB44A-6891-4931-802F-8D63981298DD}.Win7 Release|Mixed Platforms.ActiveCfg = Release|Win32
		{5CEDB44A-6891-4931-802F-8D63981298DD}.Win7 Release|Mixed Platforms.Build.0 = Release|Win32
		{5CEDB44A-6891-4931-802F-8D63981298DD}.Win7 Release|Win32.ActiveCfg = Release|Win32
		{5CEDB44A-6891-4931-802F-8D63981298DD}.Win7 Release|Win32.Build.0 = Release|Win32
		{5CEDB44A-6891-4931-802F-8D63981298DD}.Win7 Release|x64.ActiveCfg = Release|Win32
		{5CEDB44A-6891-4931-802F-8D63981298DD}.Win8 Debug|Mixed Platforms.ActiveCfg = Debug|Win32
		{5CEDB44A-6891-4931-802F-8D63981298DD}.Win8 Debug|Mixed Platforms.Build.0 = Debug|Win32
		{5CEDB44A-6891-4931-802F-8D63981298DD}.Win8 Debug|Win32.ActiveCfg = Debug|Win32
		{5CEDB44A-6891-4931-802F-8D63981298DD}.Win8 Debug|Win32.Build.0 = Debug|Win32
		{5CEDB44A-6891-4931-802F-8D63981298DD}.Win8 Debug|x64.ActiveCfg = Debug|Win32
		{5CEDB44A-6891-4931-802F-8D63981298DD}.Win8 Release|Mixed Platforms.ActiveCfg = Release|Win32
		{5CEDB44A-6891-4931-802F-8D63981298DD}.Win8 Release|Mixed Platforms.Build.0 = Release|Win32
		{5CEDB44A-6891-4931-802F-8D63981298DD}.Win8 Release|Win32.ActiveCfg = Release|Win32
		{5CEDB44A-6891-4931-802F-8D63981298DD}.Win8 Release|Win32.Build.0 = Release|Win32
		{5CEDB44A-6891-4931-802F-8D63981298DD}.Win8 Release|x64.ActiveCfg = Release|Win32
		{5CEDB44A-6891-4931-802F-8D63981298DD}.Win8.1 Debug|Mixed Platforms.ActiveCfg = Debug|Win32
		{5CEDB44A-6891-4931-802F-8D63981298DD}.Win8.1 Debug|Mixed Platforms.Build.0 = Debug|Win32
		{5CEDB44A-6891-4931-802F-8D63981298DD}.Win8.1 Debug|Win32.ActiveCfg = Debug|Win32
		{5CEDB44A-6891-4931-802F-8D63981298DD}.Win8.1 Debug|Win32.Build.0 = Debug|Win32
		{5CEDB44A-6891-4931-802F-8D63981298DD}.Win8.1 Debug|x64.ActiveCfg = Debug|Win32
		{5CEDB44A-6891-4931-802F-8D63981298DD}.Win8.1 Release|Mixed Platforms.ActiveCfg = Release|Win32
		{5CEDB44A-6891-4931-802F-8D63981298DD}.Win8.1 Release|Mixed Platforms.Build.0 = Release|Win32
		{5CEDB44A-6891-4931-802F-8D63981298DD}.Win8.1 Release|Win32.ActiveCfg = Release|Win32
		{5CEDB44A-6891-4931-802F-8D63981298DD}.Win8.1 Release|Win32.Build.0 = Release|Win32
		{5CEDB44A-6891-4931-802F-8D63981298DD}.Win8.1 Release|x64.ActiveCfg = Release|Win32
		{F13F6C50-94F8-4020-A27F-CDEA83904815}.Debug|Mixed Platforms.ActiveCfg = Debug|Win32
		{F13F6C50-94F8-4020-A27F-CDEA83904815}.Debug|Mixed Platforms.Build.0 = Debug|Win32
		{F13F6C50-94F8-4020-A27F-CDEA83904815}.Debug|Win32.ActiveCfg = Debug|Win32
		{F13F6C50-94F8-4020-A27F-CDEA83904815}.Debug|Win32.Build.0 = Debug|Win32
		{F13F6C50-94F8-4020-A27F-CDEA83904815}.Debug|x64.ActiveCfg = Debug|Win32
		{F13F6C50-94F8-4020-A27F-CDEA83904815}.Release|Mixed Platforms.ActiveCfg = Release|Win32
		{F13F6C50-94F8-4020-A27F-CDEA83904815}.Release|Mixed Platforms.Build.0 = Release|Win32
		{F13F6C50-94F8-4020-A27F-CDEA83904815}.Release|Win32.ActiveCfg = Release|Win32
		{F13F6C50-94F8-4020-A27F-CDEA83904815}.Release|Win32.Build.0 = Release|Win32
		{F13F6C50-94F8-4020-A27F-CDEA83904815}.Release|x64.ActiveCfg = Release|Win32
		{F13F6C50-94F8-4020-A27F-CDEA83904815}.Win7 Debug|Mixed Platforms.ActiveCfg = Debug|Win32
		{F13F6C50-94F8-4020-A27F-CDEA83904815}.Win7 Debug|Mixed Platforms.Build.0 = Debug|Win32
		{F13F6C50-94F8-4020-A27F-CDEA83904815}.Win7 Debug|Win32.ActiveCfg = Debug|Win32
		{F13F6C50-94F8-4020-A27F-CDEA83904815}.Win7 Debug|Win32.Build.0 = Debug|Win32
		{F13F6C50-94F8-4020-A27F-CDEA83904815}.Win7 Debug|x64.ActiveCfg = Debug|Win32
		{F13F6C50-94F8-4020-A27F-CDEA83904815}.Win7 Release|Mixed Platforms.ActiveCfg = Release|Win32
		{F13F6C50-94F8-4020-A27F-CDEA83904815}.Win7 Release|Mixed Platforms.Build.0 = Release|Win32
		{F13F6C50-94F8-4020-A27F-CDEA83904815}.Win7 Release|Win32.ActiveCfg = Release|Win32
		{F13F6C50-94F8-4020-A27F-CDEA83904815}.Win7 Release|Win32.Build.0 = Release|Win32
		{F13F6C50-94F8-4020-A27F-CDEA83904815}.Win7 Release|x64.ActiveCfg = Release|Win32
		{F13F6C50-94F8-4020-A27F-CDEA83904815}.Win8 Debug|Mixed Platforms.ActiveCfg = Debug|Win32
		{F13F6C50-94F8-4020-A27F-CDEA83904815}.Win8 Debug|Mixed Platforms.Build.0 = Debug|Win32
		{F13F6C50-94F8-4020-A27F-CDEA83904815}.Win8 Debug|Win32.ActiveCfg = Debug|Win32
		{F13F6C50-94F8-4020-A27F-CDEA83904815}.Win8 Debug|Win32.Build.0 = Debug|Win32
		{F13F6C50-94F8-4020-A27F-CDEA83904815}.Win8 Debug|x64.ActiveCfg = Debug|Win32
		{F13F6C50-94F8-4020-A27F-CDEA83904815}.Win8 Release|Mixed Platforms.ActiveCfg = Release|Win32
		{F13F6C50-94F8-4020-A27F-CDEA83904815}.Win8 Release|Mixed Platforms.Build.0 = Release|Win32
		{F13F6C50-94F8-4020-A27F-CDEA83904815}.Win8 Release|Win32.ActiveCfg = Release|Win32
		{F13F6C50-94F8-4020-A27F-CDEA83904815}.Win8 Release|Win32.Build.0 = Release|Win32
		{F13F6C50-94F8-4020-A27F-CDEA83904815}.Win8 Release|x64.ActiveCfg = Release|Win32
		{F13F6C50-94F8-4020-A27F-CDEA83904815}.Win8.1 Debug|Mixed Platforms.ActiveCfg = Debug|Win32
		{F13F6C50-94F8-4020-A27F-CDEA83904815}.Win8.1 Debug|Mixed Platforms.Build.0 = Debug|Win32
		{F13F6C50-94F8-4020-A27F-CDEA83904815}.Win8.1 Debug|Win32.ActiveCfg = Debug|Win32
		{F13F6C50-94F8-4020-A27F-CDEA83904815}.Win8.1 Debug|Win32.Build.0 = Debug|Win32
		{F13F6C50-94F8-4020-A27F-CDEA83904815}.Win8.1 Debug|x64.ActiveCfg = Debug|Win32
		{F13F6C50-94F8-4020-A27F-CDEA83904815}.Win8.1 Release|Mixed Platforms.ActiveCfg = Release|Win32
		{F13F6C50-94F8-4020-A27F-CDEA83904815}.Win8.1 Release|Mixed Platforms.Build.0 = Release|Win32
		{F13F6C50-94F8-4020-A27F-CDEA83904815}.Win8.1 Release|Win32.ActiveCfg = Release|Win32
		{F13F6C50-94F8-4020-A27F-CDEA83904815}.Win8.1 Release|Win32.Build.0 = Release|Win32
		{F13F6C50-94F8-4020-A27F-CDEA83904815}.Win8.1 Release|x64.ActiveCfg = Release|Win32
		{5C3C8709-2EE3-473A-962A-FB35C6DF623A}.Debug|Mixed Platforms.ActiveCfg = Debug|Win32
		{5C3C8709-2EE3-473A-962A-FB35C6DF623A}.Debug|Mixed Platforms.Build.0 = Debug|Win32
		{5C3C8709-2EE3-473A-962A-FB35C6DF623A}.Debug|Win32.ActiveCfg = Debug|Win32
		{5C3C8709-2EE3-473A-962A-FB35C6DF623A}.Debug|Win32.Build.0 = Debug|Win32
		{5C3C8709-2EE3-473A-962A-FB35C6DF623A}.Debug|x64.ActiveCfg = Debug|Win32
		{5C3C8709-2EE3-473A-962A-FB35C6DF623A}.Release|Mixed Platforms.ActiveCfg = Release|Win32
		{5C3C8709-2EE3-473A-962A-FB35C6DF623A}.Release|Mixed Platforms.Build.0 = Release|Win32
		{5C3C8709-2EE3-473A-962A-FB35C6DF623A}.Release|Win32.ActiveCfg = Release|Win32
		{5C3C8709-2EE3-473A-962A-FB35C6DF623A}.Release|Win32.Build.0 = Release|Win32
		{5C3C8709-2EE3-473A-962A-FB35C6DF623A}.Release|x64.ActiveCfg = Release|Win32
		{5C3C8709-2EE3-473A-962A-FB35C6DF623A}.Win7 Debug|Mixed Platforms.ActiveCfg = Debug|Win32
		{5C3C8709-2EE3-473A-962A-FB35C6DF623A}.Win7 Debug|Mixed Platforms.Build.0 = Debug|Win32
		{5C3C8709-2EE3-473A-962A-FB35C6DF623A}.Win7 Debug|Win32.ActiveCfg = Debug|Win32
		{5C3C8709-2EE3-473A-962A-FB35C6DF623A}.Win7 Debug|Win32.Build.0 = Debug|Win32
		{5C3C8709-2EE3-473A-962A-FB35C6DF623A}.Win7 Debug|x64.ActiveCfg = Debug|Win32
		{5C3C8709-2EE3-473A-962A-FB35C6DF623A}.Win7 Release|Mixed Platforms.ActiveCfg = Release|Win32
		{5C3C8709-2EE3-473A-962A-FB35C6DF623A}.Win7 Release|Mixed Platforms.Build.0 = Release|Win32
		{5C3C8709-2EE3-473A-962A-FB35C6DF623A}.Win7 Release|Win32.ActiveCfg = Release|Win32
		{5C3C8709-2EE3-473A-962A-FB35C6DF623A}.Win7 Release|Win32.Build.0 = Release|Win32
		{5C3C8709-2EE3-473A-962A-FB35C6DF623A}.Win7 Release|x64.ActiveCfg = Release|Win32
		{5C3C8709-2EE3-473A-962A-FB35C6DF623A}.Win8 Debug|Mixed Platforms.ActiveCfg = Debug|Win32
		{5C3C8709-2EE3-473A-962A-FB35C6DF623A}.Win8 Debug|Mixed Platforms.Build.0 = Debug|Win32
		{5C3C8709-2EE3-473A-962A-FB35C6DF623A}.Win8 Debug|Win32.ActiveCfg = Debug|Win32
		{5C3C8709-2EE3-473A-962A-FB35C6DF623A}.Win8 Debug|Win32.Build.0 = Debug|Win32
		{5C3C8709-2EE3-473A-962A-FB35C6DF623A}.Win8 Debug|x64.ActiveCfg = Debug|Win32
		{5C3C8709-2EE3-473A-962A-FB35C6DF623A}.Win8 Release|Mixed Platforms.ActiveCfg = Release|Win32
		{5C3C8709-2EE3-473A-962A-FB35C6DF623A}.Win8 Release|Mixed Platforms.Build.0 = Release|Win32
		{5C3C8709-2EE3-473A-962A-FB35C6DF623A}.Win8 Release|Win32.ActiveCfg = Release|Win32
		{5C3C8709-2EE3-473A-962A-FB35C6DF623A}.Win8 Release|Win32.Build.0 = Release|Win32
		{5C3C8709-2EE3-473A-962A-FB35C6DF623A}.Win8 Release|x64.ActiveCfg = Release|Win32
		{5C3C8709-2EE3-473A-962A-FB35C6DF623A}.Win8.1 Debug|Mixed Platforms.ActiveCfg = Debug|Win32
		{5C3C8709-2EE3-473A-962A-FB35C6DF623A}.Win8.1 Debug|Mixed Platforms.Build.0 = Debug|Win32
		{5C3C8709-2EE3-473A-962A-FB35C6DF623A}.Win8.1 Debug|Win32.ActiveCfg = Debug|Win32
		{5C3C8709-2EE3-473A-962A-FB35C6DF623A}.Win8.1 Debug|Win32.Build.0 = Debug|Win32
		{5C3C8709-2EE3-473A-962A-FB35C6DF623A}.Win8.1 Debug|x64.ActiveCfg = Debug|Win32
		{5C3C8709-2EE3-473A-962A-FB35C6DF623A}.Win8.1 Release|Mixed Platforms.ActiveCfg = Release|Win32
		{5C3C8709-2EE3-473A-962A-FB35C6DF623A}.Win8.1 Release|Mixed Platforms.Build.0 = Release|Win32
		{5C3C8709-2EE3-473A-962A-FB35C6DF623A}.Win8.1 Release|Win32.ActiveCfg = Release|Win32
		{5C3C8709-2EE3-473A-962A-FB35C6DF623A}.Win8.1 Release|Win32.Build.0 = Release|Win32
		{5C3C8709-2EE3-473A-962A-FB35C6DF623A}.Win8.1 Release|x64.ActiveCfg = Release|Win32
		{BDB70B28-0B54-405C-87AE-ABDFC9CE7795}.Debug|Mixed Platforms.ActiveCfg = Debug|Win32
		{BDB70B28-0B54-405C-87AE-ABDFC9CE7795}.Debug|Mixed Platforms.Build.0 = Debug|Win32
		{BDB70B28-0B54-405C-87AE-ABDFC9CE7795}.Debug|Win32.ActiveCfg = Debug|Win32
		{BDB70B28-0B54-405C-87AE-ABDFC9CE7795}.Debug|Win32.Build.0 = Debug|Win32
		{BDB70B28-0B54-405C-87AE-ABDFC9CE7795}.Debug|x64.ActiveCfg = Debug|Win32
		{BDB70B28-0B54-405C-87AE-ABDFC9CE7795}.Release|Mixed Platforms.ActiveCfg = Release|Win32
		{BDB70B28-0B54-405C-87AE-ABDFC9CE7795}.Release|Mixed Platforms.Build.0 = Release|Win32
		{BDB70B28-0B54-405C-87AE-ABDFC9CE7795}.Release|Win32.ActiveCfg = Release|Win32
		{BDB70B28-0B54-405C-87AE-ABDFC9CE7795}.Release|Win32.Build.0 = Release|Win32
		{BDB70B28-0B54-405C-87AE-ABDFC9CE7795}.Release|x64.ActiveCfg = Release|Win32
		{BDB70B28-0B54-405C-87AE-ABDFC9CE7795}.Win7 Debug|Mixed Platforms.ActiveCfg = Debug|Win32
		{BDB70B28-0B54-405C-87AE-ABDFC9CE7795}.Win7 Debug|Mixed Platforms.Build.0 = Debug|Win32
		{BDB70B28-0B54-405C-87AE-ABDFC9CE7795}.Win7 Debug|Win32.ActiveCfg = Debug|Win32
		{BDB70B28-0B54-405C-87AE-ABDFC9CE7795}.Win7 Debug|Win32.Build.0 = Debug|Win32
		{BDB70B28-0B54-405C-87AE-ABDFC9CE7795}.Win7 Debug|x64.ActiveCfg = Debug|Win32
		{BDB70B28-0B54-405C-87AE-ABDFC9CE7795}.Win7 Release|Mixed Platforms.ActiveCfg = Release|Win32
		{BDB70B28-0B54-405C-87AE-ABDFC9CE7795}.Win7 Release|Mixed Platforms.Build.0 = Release|Win32
		{BDB70B28-0B54-405C-87AE-ABDFC9CE7795}.Win7 Release|Win32.ActiveCfg = Release|Win32
		{BDB70B28-0B54-405C-87AE-ABDFC9CE7795}.Win7 Release|Win32.Build.0 = Release|Win32
		{BDB70B28-0B54-405C-87AE-ABDFC9CE7795}.Win7 Release|x64.ActiveCfg = Release|Win32
		{BDB70B28-0B54-405C-87AE-ABDFC9CE7795}.Win8 Debug|Mixed Platforms.ActiveCfg = Debug|Win32
		{BDB70B28-0B54-405C-87AE-ABDFC9CE7795}.Win8 Debug|Mixed Platforms.Build.0 = Debug|Win32
		{BDB70B28-0B54-405C-87AE-ABDFC9CE7795}.Win8 Debug|Win32.ActiveCfg = Debug|Win32
		{BDB70B28-0B54-405C-87AE-ABDFC9CE7795}.Win8 Debug|Win32.Build.0 = Debug|Win32
		{BDB70B28-0B54-405C-87AE-ABDFC9CE7795}.Win8 Debug|x64.ActiveCfg = Debug|Win32
		{BDB70B28-0B54-405C-87AE-ABDFC9CE7795}.Win8 Release|Mixed Platforms.ActiveCfg = Release|Win32
		{BDB70B28-0B54-405C-87AE-ABDFC9CE7795}.Win8 Release|Mixed Platforms.Build.0 = Release|Win32
		{BDB70B28-0B54-405C-87AE-ABDFC9CE7795}.Win8 Release|Win32.ActiveCfg = Release|Win32
		{BDB70B28-0B54-405C-87AE-ABDFC9CE7795}.Win8 Release|Win32.Build.0 = Release|Win32
		{BDB70B28-0B54-405C-87AE-ABDFC9CE7795}.Win8 Release|x64.ActiveCfg = Release|Win32
		{BDB70B28-0B54-405C-87AE-ABDFC9CE7795}.Win8.1 Debug|Mixed Platforms.ActiveCfg = Debug|Win32
		{BDB70B28-0B54-405C-87AE-ABDFC9CE7795}.Win8.1 Debug|Mixed Platforms.Build.0 = Debug|Win32
		{BDB70B28-0B54-405C-87AE-ABDFC9CE7795}.Win8.1 Debug|Win32.ActiveCfg = Debug|Win32
		{BDB70B28-0B54-405C-87AE-ABDFC9CE7795}.Win8.1 Debug|Win32.Build.0 = Debug|Win32
		{BDB70B28-0B54-405C-87AE-ABDFC9CE7795}.Win8.1 Debug|x64.ActiveCfg = Debug|Win32
		{BDB70B28-0B54-405C-87AE-ABDFC9CE7795}.Win8.1 Release|Mixed Platforms.ActiveCfg = Release|Win32
		{BDB70B28-0B54-405C-87AE-ABDFC9CE7795}.Win8.1 Release|Mixed Platforms.Build.0 = Release|Win32
		{BDB70B28-0B54-405C-87AE-ABDFC9CE7795}.Win8.1 Release|Win32.ActiveCfg = Release|Win32
		{BDB70B28-0B54-405C-87AE-ABDFC9CE7795}.Win8.1 Release|Win32.Build.0 = Release|Win32
		{BDB70B28-0B54-405C-87AE-ABDFC9CE7795}.Win8.1 Release|x64.ActiveCfg = Release|Win32
		{7452772C-0C0A-403F-9D78-927B46F67992}.Debug|Mixed Platforms.ActiveCfg = Debug|Win32
		{7452772C-0C0A-403F-9D78-927B46F67992}.Debug|Mixed Platforms.Build.0 = Debug|Win32
		{7452772C-0C0A-403F-9D78-927B46F67992}.Debug|Win32.ActiveCfg = Debug|Win32
		{7452772C-0C0A-403F-9D78-927B46F67992}.Debug|Win32.Build.0 = Debug|Win32
		{7452772C-0C0A-403F-9D78-927B46F67992}.Debug|x64.ActiveCfg = Debug|Win32
		{7452772C-0C0A-403F-9D78-927B46F67992}.Release|Mixed Platforms.ActiveCfg = Release|Win32
		{7452772C-0C0A-403F-9D78-927B46F67992}.Release|Mixed Platforms.Build.0 = Release|Win32
		{7452772C-0C0A-403F-9D78-927B46F67992}.Release|Win32.ActiveCfg = Release|Win32
		{7452772C-0C0A-403F-9D78-927B46F67992}.Release|Win32.Build.0 = Release|Win32
		{7452772C-0C0A-403F-9D78-927B46F67992}.Release|x64.ActiveCfg = Release|Win32
		{7452772C-0C0A-403F-9D78-927B46F67992}.Win7 Debug|Mixed Platforms.ActiveCfg = Debug|Win32
		{7452772C-0C0A-403F-9D78-927B46F67992}.Win7 Debug|Mixed Platforms.Build.0 = Debug|Win32
		{7452772C-0C0A-403F-9D78-927B46F67992}.Win7 Debug|Win32.ActiveCfg = Debug|Win32
		{7452772C-0C0A-403F-9D78-927B46F67992}.Win7 Debug|Win32.Build.0 = Debug|Win32
		{7452772C-0C0A-403F-9D78-927B46F67992}.Win7 Debug|x64.ActiveCfg = Debug|Win32
		{7452772C-0C0A-403F-9D78-927B46F67992}.Win7 Release|Mixed Platforms.ActiveCfg = Release|Win32
		{7452772C-0C0A-403F-9D78-927B46F67992}.Win7 Release|Mixed Platforms.Build.0 = Release|Win32
		{7452772C-0C0A-403F-9D78-927B46F67992}.Win7 Release|Win32.ActiveCfg = Release|Win32
		{7452772C-0C0A-403F-9D78-927B46F67992}.Win7 Release|Win32.Build.0 = Release|Win32
		{7452772C-0C0A-403F-9D78-927B46F67992}.Win7 Release|x64.ActiveCfg = Release|Win32
		{7452772C-0C0A-403F-9D78-927B46F67992}.Win8 Debug|Mixed Platforms.ActiveCfg = Debug|Win32
		{7452772C-0C0A-403F-9D78-927B46F67992}.Win8 Debug|Mixed Platforms.Build.0 = Debug|Win32
		{7452772C-0C0A-403F-9D78-927B46F67992}.Win8 Debug|Win32.ActiveCfg = Debug|Win32
		{7452772C-0C0A-403F-9D78-927B46F67992}.Win8 Debug|Win32.Build.0 = Debug|Win32
		{7452772C-0C0A-403F-9D78-927B46F67992}.Win8 Debug|x64.ActiveCfg = Debug|Win32
		{7452772C-0C0A-403F-9D78-927B46F67992}.Win8 Release|Mixed Platforms.ActiveCfg = Release|Win32
		{7452772C-0C0A-403F-9D78-927B46F67992}.Win8 Release|Mixed Platforms.Build.0 = Release|Win32
		{7452772C-0C0A-403F-9D78-927B46F67992}.Win8 Release|Win32.ActiveCfg = Release|Win32
		{7452772C-0C0A-403F-9D78-927B46F67992}.Win8 Release|Win32.Build.0 = Release|Win32
		{7452772C-0C0A-403F-9D78-927B46F67992}.Win8 Release|x64.ActiveCfg = Release|Win32
		{7452772C-0C0A-403F-9D78-927B46F67992}.Win8.1 Debug|Mixed Platforms.ActiveCfg = Debug|Win32
		{7452772C-0C0A-403F-9D78-927B46F67992}.Win8.1 Debug|Mixed Platforms.Build.0 = Debug|Win32
		{7452772C-0C0A-403F-9D78-927B46F67992}.Win8.1 Debug|Win32.ActiveCfg = Debug|Win32
		{7452772C-0C0A-403F-9D78-927B46F67992}.Win8.1 Debug|Win32.Build.0 = Debug|Win32
		{7452772C-0C0A-403F-9D78-927B46F67992}.Win8.1 Debug|x64.ActiveCfg = Debug|Win32
		{7452772C-0C0A-403F-9D78-927B46F67992}.Win8.1 Release|Mixed Platforms.ActiveCfg = Release|Win32
		{7452772C-0C0A-403F-9D78-927B46F67992}.Win8.1 Release|Mixed Platforms.Build.0 = Release|Win32
		{7452772C-0C0A-403F-9D78-927B46F67992}.Win8.1 Release|Win32.ActiveCfg = Release|Win32
		{7452772C-0C0A-403F-9D78-927B46F67992}.Win8.1 Release|Win32.Build.0 = Release|Win32
		{7452772C-0C0A-403F-9D78-927B46F67992}.Win8.1 Release|x64.ActiveCfg = Release|Win32
		{CA09A091-2064-4312-BF1E-984FAB4B347A}.Debug|Mixed Platforms.ActiveCfg = Debug
		{CA09A091-2064-4312-BF1E-984FAB4B347A}.Debug|Win32.ActiveCfg = Debug
		{CA09A091-2064-4312-BF1E-984FAB4B347A}.Debug|x64.ActiveCfg = Debug
		{CA09A091-2064-4312-BF1E-984FAB4B347A}.Release|Mixed Platforms.ActiveCfg = Release
		{CA09A091-2064-4312-BF1E-984FAB4B347A}.Release|Win32.ActiveCfg = Release
		{CA09A091-2064-4312-BF1E-984FAB4B347A}.Release|x64.ActiveCfg = Release
		{CA09A091-2064-4312-BF1E-984FAB4B347A}.Win7 Debug|Mixed Platforms.ActiveCfg = Debug
		{CA09A091-2064-4312-BF1E-984FAB4B347A}.Win7 Debug|Win32.ActiveCfg = Debug
		{CA09A091-2064-4312-BF1E-984FAB4B347A}.Win7 Debug|x64.ActiveCfg = Debug
		{CA09A091-2064-4312-BF1E-984FAB4B347A}.Win7 Release|Mixed Platforms.ActiveCfg = Release
		{CA09A091-2064-4312-BF1E-984FAB4B347A}.Win7 Release|Win32.ActiveCfg = Release
		{CA09A091-2064-4312-BF1E-984FAB4B347A}.Win7 Release|x64.ActiveCfg = Release
		{CA09A091-2064-4312-BF1E-984FAB4B347A}.Win8 Debug|Mixed Platforms.ActiveCfg = Debug
		{CA09A091-2064-4312-BF1E-984FAB4B347A}.Win8 Debug|Win32.ActiveCfg = Debug
		{CA09A091-2064-4312-BF1E-984FAB4B347A}.Win8 Debug|x64.ActiveCfg = Debug
		{CA09A091-2064-4312-BF1E-984FAB4B347A}.Win8 Release|Mixed Platforms.ActiveCfg = Release
		{CA09A091-2064-4312-BF1E-984FAB4B347A}.Win8 Release|Win32.ActiveCfg = Release
		{CA09A091-2064-4312-BF1E-984FAB4B347A}.Win8 Release|x64.ActiveCfg = Release
		{CA09A091-2064-4312-BF1E-984FAB4B347A}.Win8.1 Debug|Mixed Platforms.ActiveCfg = Debug
		{CA09A091-2064-4312-BF1E-984FAB4B347A}.Win8.1 Debug|Win32.ActiveCfg = Debug
		{CA09A091-2064-4312-BF1E-984FAB4B347A}.Win8.1 Debug|x64.ActiveCfg = Debug
		{CA09A091-2064-4312-BF1E-984FAB4B347A}.Win8.1 Release|Mixed Platforms.ActiveCfg = Release
		{CA09A091-2064-4312-BF1E-984FAB4B347A}.Win8.1 Release|Win32.ActiveCfg = Release
		{CA09A091-2064-4312-BF1E-984FAB4B347A}.Win8.1 Release|x64.ActiveCfg = Release
		{F40338B0-5BA6-4BE1-A8E1-0D655947D7E4}.Debug|Mixed Platforms.ActiveCfg = Debug
		{F40338B0-5BA6-4BE1-A8E1-0D655947D7E4}.Debug|Win32.ActiveCfg = Debug
		{F40338B0-5BA6-4BE1-A8E1-0D655947D7E4}.Debug|x64.ActiveCfg = Debug
		{F40338B0-5BA6-4BE1-A8E1-0D655947D7E4}.Release|Mixed Platforms.ActiveCfg = Release
		{F40338B0-5BA6-4BE1-A8E1-0D655947D7E4}.Release|Win32.ActiveCfg = Release
		{F40338B0-5BA6-4BE1-A8E1-0D655947D7E4}.Release|x64.ActiveCfg = Release
		{F40338B0-5BA6-4BE1-A8E1-0D655947D7E4}.Win7 Debug|Mixed Platforms.ActiveCfg = Debug
		{F40338B0-5BA6-4BE1-A8E1-0D655947D7E4}.Win7 Debug|Win32.ActiveCfg = Debug
		{F40338B0-5BA6-4BE1-A8E1-0D655947D7E4}.Win7 Debug|x64.ActiveCfg = Debug
		{F40338B0-5BA6-4BE1-A8E1-0D655947D7E4}.Win7 Release|Mixed Platforms.ActiveCfg = Release
		{F40338B0-5BA6-4BE1-A8E1-0D655947D7E4}.Win7 Release|Win32.ActiveCfg = Release
		{F40338B0-5BA6-4BE1-A8E1-0D655947D7E4}.Win7 Release|x64.ActiveCfg = Release
		{F40338B0-5BA6-4BE1-A8E1-0D655947D7E4}.Win8 Debug|Mixed Platforms.ActiveCfg = Debug
		{F40338B0-5BA6-4BE1-A8E1-0D655947D7E4}.Win8 Debug|Win32.ActiveCfg = Debug
		{F40338B0-5BA6-4BE1-A8E1-0D655947D7E4}.Win8 Debug|x64.ActiveCfg = Debug
		{F40338B0-5BA6-4BE1-A8E1-0D655947D7E4}.Win8 Release|Mixed Platforms.ActiveCfg = Release
		{F40338B0-5BA6-4BE1-A8E1-0D655947D7E4}.Win8 Release|Win32.ActiveCfg = Release
		{F40338B0-5BA6-4BE1-A8E1-0D655947D7E4}.Win8 Release|x64.ActiveCfg = Release
		{F40338B0-5BA6-4BE1-A8E1-0D655947D7E4}.Win8.1 Debug|Mixed Platforms.ActiveCfg = Debug
		{F40338B0-5BA6-4BE1-A8E1-0D655947D7E4}.Win8.1 Debug|Win32.ActiveCfg = Debug
		{F40338B0-5BA6-4BE1-A8E1-0D655947D7E4}.Win8.1 Debug|x64.ActiveCfg = Debug
		{F40338B0-5BA6-4BE1-A8E1-0D655947D7E4}.Win8.1 Release|Mixed Platforms.ActiveCfg = Release
		{F40338B0-5BA6-4BE1-A8E1-0D655947D7E4}.Win8.1 Release|Win32.ActiveCfg = Release
		{F40338B0-5BA6-4BE1-A8E1-0D655947D7E4}.Win8.1 Release|x64.ActiveCfg = Release
	EndGlobalSection
	GlobalSection(SolutionProperties) = preSolution
		HideSolutionNode = FALSE
	EndGlobalSection
	GlobalSection(NestedProjects) = preSolution
		{218FCE3B-F36D-4413-8D38-C43F754E711C} = {8B8F8115-D6B0-42C0-819F-F1EE8F76B491}
		{9C04AEB7-E235-4FC9-A5A0-C210F0C3EE71} = {8B8F8115-D6B0-42C0-819F-F1EE8F76B491}
		{7B898B7D-F7B6-4316-82C7-2A82FCF69AB3} = {1561AF46-02F9-4DD8-9020-5406C701EFD8}
		{805556BE-53AA-486A-AE57-A67165633ECD} = {1561AF46-02F9-4DD8-9020-5406C701EFD8}
		{5CEDB44A-6891-4931-802F-8D63981298DD} = {DEFA9688-C421-4FBD-9073-C984CEE70AF9}
		{F13F6C50-94F8-4020-A27F-CDEA83904815} = {DEFA9688-C421-4FBD-9073-C984CEE70AF9}
		{5C3C8709-2EE3-473A-962A-FB35C6DF623A} = {E5A5B7A0-49A5-46CF-B5A7-6A8B598AA0EE}
		{BDB70B28-0B54-405C-87AE-ABDFC9CE7795} = {9D1A5954-31F0-4D9D-A9EB-75DC5E8B2AA1}
		{7452772C-0C0A-403F-9D78-927B46F67992} = {9D1A5954-31F0-4D9D-A9EB-75DC5E8B2AA1}
		{CA09A091-2064-4312-BF1E-984FAB4B347A} = {EF7938CC-6DBD-4BB3-AF96-7A9B0E78737E}
		{F40338B0-5BA6-4BE1-A8E1-0D655947D7E4} = {EF7938CC-6DBD-4BB3-AF96-7A9B0E78737E}
	EndGlobalSection
EndGlobal
