
Microsoft Visual Studio Solution File, Format Version 12.00
# Visual Studio 2013
VisualStudioVersion = 12.0.31101.0
MinimumVisualStudioVersion = 10.0.40219.1
Project("{8BC9CEB8-8B4A-11D0-8D11-00A0C91BC942}") = "UhuruAV", "UhuruAV\UhuruAV.vcxproj", "{E1344508-013A-403D-8240-BA552F8AAE00}"
EndProject
Project("{8BC9CEB8-8B4A-11D0-8D11-00A0C91BC942}") = "libuhuru", "libuhuru\libuhuru.vcxproj", "{6CF9FA23-7F1A-4D07-92B9-A61ED738AE0B}"
EndProject
Project("{8BC9CEB8-8B4A-11D0-8D11-00A0C91BC942}") = "module_5_2", "module_5_2\module_5_2.vcxproj", "{5CEDB44A-6891-4931-802F-8D63981298DD}"
EndProject
Global
	GlobalSection(SolutionConfigurationPlatforms) = preSolution
		Debug|Win32 = Debug|Win32
		Release|Win32 = Release|Win32
	EndGlobalSection
	GlobalSection(ProjectConfigurationPlatforms) = postSolution
		{E1344508-013A-403D-8240-BA552F8AAE00}.Debug|Win32.ActiveCfg = Debug|Win32
		{E1344508-013A-403D-8240-BA552F8AAE00}.Debug|Win32.Build.0 = Debug|Win32
		{E1344508-013A-403D-8240-BA552F8AAE00}.Release|Win32.ActiveCfg = Release|Win32
		{E1344508-013A-403D-8240-BA552F8AAE00}.Release|Win32.Build.0 = Release|Win32
		{6CF9FA23-7F1A-4D07-92B9-A61ED738AE0B}.Debug|Win32.ActiveCfg = Debug|Win32
		{6CF9FA23-7F1A-4D07-92B9-A61ED738AE0B}.Debug|Win32.Build.0 = Debug|Win32
		{6CF9FA23-7F1A-4D07-92B9-A61ED738AE0B}.Release|Win32.ActiveCfg = Release|Win32
		{6CF9FA23-7F1A-4D07-92B9-A61ED738AE0B}.Release|Win32.Build.0 = Release|Win32
		{5CEDB44A-6891-4931-802F-8D63981298DD}.Debug|Win32.ActiveCfg = Debug|Win32
		{5CEDB44A-6891-4931-802F-8D63981298DD}.Debug|Win32.Build.0 = Debug|Win32
		{5CEDB44A-6891-4931-802F-8D63981298DD}.Release|Win32.ActiveCfg = Release|Win32
		{5CEDB44A-6891-4931-802F-8D63981298DD}.Release|Win32.Build.0 = Release|Win32
	EndGlobalSection
	GlobalSection(SolutionProperties) = preSolution
		HideSolutionNode = FALSE
	EndGlobalSection
EndGlobal
