<?xml version="1.0" encoding="utf-8"?>
<Project ToolsVersion="4.0" xmlns="http://schemas.microsoft.com/developer/msbuild/2003">
  <ItemGroup>
    <Filter Include="Fichiers sources">
      <UniqueIdentifier>{4FC737F1-C7A5-4376-A066-2A32D752A2FF}</UniqueIdentifier>
      <Extensions>cpp;c;cc;cxx;def;odl;idl;hpj;bat;asm;asmx</Extensions>
    </Filter>
    <Filter Include="Fichiers d%27en-tête">
      <UniqueIdentifier>{93995380-89BD-4b04-88EB-625FBE52EBFB}</UniqueIdentifier>
      <Extensions>h;hh;hpp;hxx;hm;inl;inc;xsd</Extensions>
    </Filter>
    <Filter Include="Fichiers de ressources">
      <UniqueIdentifier>{67DA6AB6-F800-4c08-8B7A-83BB121AAD01}</UniqueIdentifier>
      <Extensions>rc;ico;cur;bmp;dlg;rc2;rct;bin;rgs;gif;jpg;jpeg;jpe;resx;tiff;tif;png;wav;mfcribbon-ms</Extensions>
    </Filter>
    <Filter Include="Fichiers d%27en-tête\config">
      <UniqueIdentifier>{3f6de2b4-246c-4671-8eec-e96ac46cb739}</UniqueIdentifier>
    </Filter>
    <Filter Include="Fichiers d%27en-tête\common">
      <UniqueIdentifier>{60e72ff2-e5d8-4158-b936-dde3bec31fcc}</UniqueIdentifier>
    </Filter>
    <Filter Include="Fichiers d%27en-tête\libcore">
      <UniqueIdentifier>{5e9c2e61-35c7-40a4-857f-6e49fdb993b4}</UniqueIdentifier>
    </Filter>
    <Filter Include="Fichiers sources\os">
      <UniqueIdentifier>{334bbe16-3b2b-4ca9-83dc-3e626cca9d27}</UniqueIdentifier>
    </Filter>
    <Filter Include="Fichiers sources\os\windows">
      <UniqueIdentifier>{55ea3f7b-50df-4e48-bb70-96e21881e717}</UniqueIdentifier>
    </Filter>
    <Filter Include="Fichiers d%27en-tête\os">
      <UniqueIdentifier>{5d8ce595-3544-4080-beb7-e1f191881ad2}</UniqueIdentifier>
    </Filter>
    <Filter Include="Fichiers sources\libcore">
      <UniqueIdentifier>{02525e16-9fbc-43c3-bbd1-f5e694c2bb70}</UniqueIdentifier>
    </Filter>
  </ItemGroup>
  <ItemGroup>
    <ClInclude Include="..\..\..\libuhuru\include\libuhuru\core.h">
      <Filter>Fichiers d%27en-tête</Filter>
    </ClInclude>
    <ClInclude Include="..\..\..\libuhuru\include\config\libuhuru-config.h">
      <Filter>Fichiers d%27en-tête\config</Filter>
    </ClInclude>
    <ClInclude Include="..\..\..\libuhuru\include\config\libuhuru-config-win32.h">
      <Filter>Fichiers d%27en-tête\config</Filter>
    </ClInclude>
    <ClInclude Include="..\..\..\libuhuru\include\libuhuru\common\action.h">
      <Filter>Fichiers d%27en-tête\common</Filter>
    </ClInclude>
    <ClInclude Include="..\..\..\libuhuru\include\libuhuru\common\status.h">
      <Filter>Fichiers d%27en-tête\common</Filter>
    </ClInclude>
    <ClInclude Include="..\..\..\libuhuru\include\libuhuru\libcore\handle.h">
      <Filter>Fichiers d%27en-tête\libcore</Filter>
    </ClInclude>
    <ClInclude Include="..\..\..\libuhuru\include\libuhuru\libcore\info.h">
      <Filter>Fichiers d%27en-tête\libcore</Filter>
    </ClInclude>
    <ClInclude Include="..\..\..\libuhuru\include\libuhuru\libcore\module.h">
      <Filter>Fichiers d%27en-tête\libcore</Filter>
    </ClInclude>
    <ClInclude Include="..\..\..\libuhuru\include\libuhuru\libcore\scan.h">
      <Filter>Fichiers d%27en-tête\libcore</Filter>
    </ClInclude>
    <ClInclude Include="..\..\..\libuhuru\src\os\dir.h">
      <Filter>Fichiers d%27en-tête\os</Filter>
    </ClInclude>
    <ClInclude Include="..\..\..\libuhuru\src\os\file.h">
      <Filter>Fichiers d%27en-tête\os</Filter>
    </ClInclude>
    <ClInclude Include="..\..\..\libuhuru\src\os\io.h">
      <Filter>Fichiers d%27en-tête\os</Filter>
    </ClInclude>
    <ClInclude Include="..\..\..\libuhuru\src\os\ipc.h">
      <Filter>Fichiers d%27en-tête\os</Filter>
    </ClInclude>
    <ClInclude Include="..\..\..\libuhuru\src\os\mimetype.h">
      <Filter>Fichiers d%27en-tête\os</Filter>
    </ClInclude>
    <ClInclude Include="..\..\..\libuhuru\src\os\string.h">
      <Filter>Fichiers d%27en-tête\os</Filter>
    </ClInclude>
    <ClInclude Include="..\..\..\libuhuru\src\libcore\builtin-modules\mimetypemod.h">
      <Filter>Fichiers sources\libcore</Filter>
    </ClInclude>
    <ClInclude Include="..\..\..\libuhuru\src\libcore\conf.h">
      <Filter>Fichiers sources\libcore</Filter>
    </ClInclude>
    <ClInclude Include="..\..\..\libuhuru\src\libcore\confparser.h">
      <Filter>Fichiers sources\libcore</Filter>
    </ClInclude>
    <ClInclude Include="..\..\..\libuhuru\src\libcore\modulep.h">
      <Filter>Fichiers sources\libcore</Filter>
    </ClInclude>
    <ClInclude Include="..\..\..\libuhuru\src\libcore\reportp.h">
      <Filter>Fichiers sources\libcore</Filter>
    </ClInclude>
    <ClInclude Include="..\..\..\libuhuru\src\libcore\statusp.h">
      <Filter>Fichiers sources\libcore</Filter>
    </ClInclude>
    <ClInclude Include="..\..\..\libuhuru\src\libcore\uhurup.h">
      <Filter>Fichiers sources\libcore</Filter>
    </ClInclude>
  </ItemGroup>
  <ItemGroup>
    <ClCompile Include="..\..\..\libuhuru\src\os\windows\dir.c">
      <Filter>Fichiers sources\os\windows</Filter>
    </ClCompile>
    <ClCompile Include="..\..\..\libuhuru\src\os\windows\file.c">
      <Filter>Fichiers sources\os\windows</Filter>
    </ClCompile>
    <ClCompile Include="..\..\..\libuhuru\src\os\windows\mimetype.c">
      <Filter>Fichiers sources\os\windows</Filter>
    </ClCompile>
    <ClCompile Include="..\..\..\libuhuru\src\os\windows\string.c">
      <Filter>Fichiers sources\os\windows</Filter>
    </ClCompile>
    <ClCompile Include="..\..\..\libuhuru\src\libcore\builtin-modules\mimetypemod.c">
      <Filter>Fichiers sources\libcore</Filter>
    </ClCompile>
    <ClCompile Include="..\..\..\libuhuru\src\libcore\action.c">
      <Filter>Fichiers sources\libcore</Filter>
    </ClCompile>
    <ClCompile Include="..\..\..\libuhuru\src\libcore\conf.c">
      <Filter>Fichiers sources\libcore</Filter>
    </ClCompile>
    <ClCompile Include="..\..\..\libuhuru\src\libcore\confparser.c">
      <Filter>Fichiers sources\libcore</Filter>
    </ClCompile>
    <ClCompile Include="..\..\..\libuhuru\src\libcore\info.c">
      <Filter>Fichiers sources\libcore</Filter>
    </ClCompile>
    <ClCompile Include="..\..\..\libuhuru\src\libcore\module.c">
      <Filter>Fichiers sources\libcore</Filter>
    </ClCompile>
    <ClCompile Include="..\..\..\libuhuru\src\libcore\report.c">
      <Filter>Fichiers sources\libcore</Filter>
    </ClCompile>
    <ClCompile Include="..\..\..\libuhuru\src\libcore\scan.c">
      <Filter>Fichiers sources\libcore</Filter>
    </ClCompile>
    <ClCompile Include="..\..\..\libuhuru\src\libcore\status.c">
      <Filter>Fichiers sources\libcore</Filter>
    </ClCompile>
    <ClCompile Include="..\..\..\libuhuru\src\libcore\uhuru.c">
      <Filter>Fichiers sources\libcore</Filter>
    </ClCompile>
  </ItemGroup>
</Project>