<?xml version="1.0" encoding="utf-8"?>
<Project ToolsVersion="4.0" xmlns="http://schemas.microsoft.com/developer/msbuild/2003">
  <ItemGroup>
    <Filter Include="Fichiers sources">
      <UniqueIdentifier>{4FC737F1-C7A5-4376-A066-2A32D752A2FF}</UniqueIdentifier>
      <Extensions>cpp;c;cc;cxx;def;odl;idl;hpj;bat;asm;asmx</Extensions>
    </Filter>
    <Filter Include="Fichiers d%27en-tête">
      <UniqueIdentifier>{93995380-89BD-4b04-88EB-625FBE52EBFB}</UniqueIdentifier>
      <Extensions>h;hh;hpp;hxx;hm;inl;inc;xsd</Extensions>
    </Filter>
    <Filter Include="Fichiers de ressources">
      <UniqueIdentifier>{67DA6AB6-F800-4c08-8B7A-83BB121AAD01}</UniqueIdentifier>
      <Extensions>rc;ico;cur;bmp;dlg;rc2;rct;bin;rgs;gif;jpg;jpeg;jpe;resx;tiff;tif;png;wav;mfcribbon-ms</Extensions>
    </Filter>
    <Filter Include="Fichiers d%27en-tête\utils">
      <UniqueIdentifier>{c18ed103-09de-4e1f-9578-7f703f1a3ae5}</UniqueIdentifier>
    </Filter>
    <Filter Include="Fichiers sources\utils">
      <UniqueIdentifier>{28154a10-b999-4ad0-858f-df0d61990022}</UniqueIdentifier>
    </Filter>
    <Filter Include="Fichiers d%27en-tête\json">
      <UniqueIdentifier>{97602a34-0b3a-43bf-b162-45a455c3024f}</UniqueIdentifier>
    </Filter>
    <Filter Include="Fichiers sources\json">
      <UniqueIdentifier>{72f596e1-6baa-4589-a3ce-ae4bae215039}</UniqueIdentifier>
    </Filter>
  </ItemGroup>
  <ItemGroup>
    <ClCompile Include="service.c">
      <Filter>Fichiers sources</Filter>
    </ClCompile>
    <ClCompile Include="log.c">
      <Filter>Fichiers sources</Filter>
    </ClCompile>
    <ClCompile Include="scan_on_demand.c">
      <Filter>Fichiers sources</Filter>
    </ClCompile>
    <ClCompile Include="named_pipe_client.c">
      <Filter>Fichiers sources</Filter>
    </ClCompile>
    <ClCompile Include="named_pipe_server.c">
      <Filter>Fichiers sources</Filter>
    </ClCompile>
    <ClCompile Include="scan_on_access.c">
      <Filter>Fichiers sources</Filter>
    </ClCompile>
    <ClCompile Include="..\..\..\libuhuru\src\utils\getopt.c">
      <Filter>Fichiers sources\utils</Filter>
    </ClCompile>
    <ClCompile Include="quarantine.c">
      <Filter>Fichiers sources</Filter>
    </ClCompile>
    <ClCompile Include="update.c">
      <Filter>Fichiers sources</Filter>
    </ClCompile>
    <ClCompile Include="..\..\..\libuhuru\src\utils\uh_json.c">
      <Filter>Fichiers sources\utils</Filter>
    </ClCompile>
    <ClCompile Include="uh_crypt.c">
      <Filter>Fichiers sources</Filter>
    </ClCompile>
    <ClCompile Include="..\..\..\libuhuru\src\json\updatedb\uh_json_parse.c">
      <Filter>Fichiers sources\json</Filter>
    </ClCompile>
    <ClCompile Include="register.c">
      <Filter>Fichiers sources</Filter>
    </ClCompile>
  </ItemGroup>
  <ItemGroup>
    <ClInclude Include="service.h">
      <Filter>Fichiers d%27en-tête</Filter>
    </ClInclude>
    <ClInclude Include="log.h">
      <Filter>Fichiers d%27en-tête</Filter>
    </ClInclude>
    <ClInclude Include="named_pipe_client.h">
      <Filter>Fichiers d%27en-tête</Filter>
    </ClInclude>
    <ClInclude Include="named_pipe_server.h">
      <Filter>Fichiers d%27en-tête</Filter>
    </ClInclude>
    <ClInclude Include="scan_on_demand.h">
      <Filter>Fichiers d%27en-tête</Filter>
    </ClInclude>
    <ClInclude Include="scan_on_access.h">
      <Filter>Fichiers d%27en-tête</Filter>
    </ClInclude>
    <ClInclude Include="..\..\..\libuhuru\src\utils\getopt.h">
      <Filter>Fichiers d%27en-tête\utils</Filter>
    </ClInclude>
    <ClInclude Include="quarantine.h">
      <Filter>Fichiers d%27en-tête</Filter>
    </ClInclude>
    <ClInclude Include="update.h">
      <Filter>Fichiers d%27en-tête</Filter>
    </ClInclude>
    <ClInclude Include="..\..\..\libuhuru\src\utils\uh_json.h">
      <Filter>Fichiers d%27en-tête\utils</Filter>
    </ClInclude>
    <ClInclude Include="uh_crypt.h">
      <Filter>Fichiers d%27en-tête</Filter>
    </ClInclude>
    <ClInclude Include="..\..\..\libuhuru\src\json\updatedb\uh_json_parse.h">
      <Filter>Fichiers d%27en-tête\json</Filter>
    </ClInclude>
    <ClInclude Include="register.h">
      <Filter>Fichiers d%27en-tête</Filter>
    </ClInclude>
  </ItemGroup>
</Project>